
Microsoft Visual Studio Solution File, Format Version 12.00
# Visual Studio Version 17
VisualStudioVersion = 17.1.32407.343
MinimumVisualStudioVersion = 10.0.40219.1
Project("{FAE04EC0-301F-11D3-BF4B-00C04F79EFBC}") = "MathewShardin_Final_Ass", "MathewShardin_Final_Ass\MathewShardin_Final_Ass.csproj", "{C435283A-2600-44DA-9D06-31182F03DE9F}"
EndProject
Global
	GlobalSection(SolutionConfigurationPlatforms) = preSolution
		Debug|Any CPU = Debug|Any CPU
		Release|Any CPU = Release|Any CPU
	EndGlobalSection
	GlobalSection(ProjectConfigurationPlatforms) = postSolution
		{C435283A-2600-44DA-9D06-31182F03DE9F}.Debug|Any CPU.ActiveCfg = Debug|Any CPU
		{C435283A-2600-44DA-9D06-31182F03DE9F}.Debug|Any CPU.Build.0 = Debug|Any CPU
		{C435283A-2600-44DA-9D06-31182F03DE9F}.Release|Any CPU.ActiveCfg = Release|Any CPU
		{C435283A-2600-44DA-9D06-31182F03DE9F}.Release|Any CPU.Build.0 = Release|Any CPU
	EndGlobalSection
	GlobalSection(SolutionProperties) = preSolution
		HideSolutionNode = FALSE
	EndGlobalSection
	GlobalSection(ExtensibilityGlobals) = postSolution
		SolutionGuid = {055CEA74-4675-46CF-96D0-FC01FA8D90EC}
	EndGlobalSection
EndGlobal
